
Microsoft Visual Studio Solution File, Format Version 11.00
# Visual Studio 2010
Project("{FAE04EC0-301F-11D3-BF4B-00C04F79EFBC}") = "PixelLove", "Assembly-CSharp.csproj", "{B74DFF3C-BA9B-A2EB-416F-D6DFCD327991}"
EndProject
Project("{FAE04EC0-301F-11D3-BF4B-00C04F79EFBC}") = "PixelLove", "Assembly-CSharp-Editor.csproj", "{100F0682-5657-88A9-49CA-756A1EE15EC6}"
EndProject
Global
	GlobalSection(SolutionConfigurationPlatforms) = preSolution
		Debug|Any CPU = Debug|Any CPU
		Release|Any CPU = Release|Any CPU
	EndGlobalSection
	GlobalSection(ProjectConfigurationPlatforms) = postSolution
		{B74DFF3C-BA9B-A2EB-416F-D6DFCD327991}.Debug|Any CPU.ActiveCfg = Debug|Any CPU
		{B74DFF3C-BA9B-A2EB-416F-D6DFCD327991}.Debug|Any CPU.Build.0 = Debug|Any CPU
		{B74DFF3C-BA9B-A2EB-416F-D6DFCD327991}.Release|Any CPU.ActiveCfg = Release|Any CPU
		{B74DFF3C-BA9B-A2EB-416F-D6DFCD327991}.Release|Any CPU.Build.0 = Release|Any CPU
		{100F0682-5657-88A9-49CA-756A1EE15EC6}.Debug|Any CPU.ActiveCfg = Debug|Any CPU
		{100F0682-5657-88A9-49CA-756A1EE15EC6}.Debug|Any CPU.Build.0 = Debug|Any CPU
		{100F0682-5657-88A9-49CA-756A1EE15EC6}.Release|Any CPU.ActiveCfg = Release|Any CPU
		{100F0682-5657-88A9-49CA-756A1EE15EC6}.Release|Any CPU.Build.0 = Release|Any CPU
	EndGlobalSection
	GlobalSection(SolutionProperties) = preSolution
		HideSolutionNode = FALSE
	EndGlobalSection
	GlobalSection(MonoDevelopProperties) = preSolution
		StartupItem = Assembly-CSharp.csproj
	EndGlobalSection
EndGlobal
